{
  "originHash" : "29528699017e623e6576eda7d505c69759c2818f38c8e79d4569e356ecfe466c",
  "pins" : [
    {
      "identity" : "keylight-swift",
      "kind" : "remoteSourceControl",
      "location" : "https://github.com/Halloweedev/keylight-swift.git",
      "state" : {
        "revision" : "37d24fee3a844e46de3329da0eee3f46a253f62b",
        "version" : "0.3.2"
      }
    },
    {
      "identity" : "swift-argument-parser",
      "kind" : "remoteSourceControl",
      "location" : "https://github.com/apple/swift-argument-parser.git",
      "state" : {
        "revision" : "626b5b7b2f45e1b0b1c6f4a309296d1d21d7311b",
        "version" : "1.7.1"
      }
    },
    {
      "identity" : "yams",
      "kind" : "remoteSourceControl",
      "location" : "https://github.com/jpsim/Yams.git",
      "state" : {
        "revision" : "3d6871d5b4a5cd519adf233fbb576e0a2af71c17",
        "version" : "5.4.0"
      }
    }
  ],
  "version" : 3
}
