{
  "originHash" : "4d3cdd8d249c4369055617fd9a72554bd4f2c77ad4312c7a09f3e8f118ed4c55",
  "pins" : [
    {
      "identity" : "keylight-swift",
      "kind" : "remoteSourceControl",
      "location" : "https://github.com/Halloweedev/keylight-swift.git",
      "state" : {
        "revision" : "76a0ce3cdea96b543185551921fdbeb70d4b146a",
        "version" : "0.12.1"
      }
    },
    {
      "identity" : "swift-argument-parser",
      "kind" : "remoteSourceControl",
      "location" : "https://github.com/apple/swift-argument-parser.git",
      "state" : {
        "revision" : "626b5b7b2f45e1b0b1c6f4a309296d1d21d7311b",
        "version" : "1.7.1"
      }
    },
    {
      "identity" : "yams",
      "kind" : "remoteSourceControl",
      "location" : "https://github.com/jpsim/Yams.git",
      "state" : {
        "revision" : "3d6871d5b4a5cd519adf233fbb576e0a2af71c17",
        "version" : "5.4.0"
      }
    }
  ],
  "version" : 3
}
